PODS:
  - Capacitor (8.0.0-beta.0):
    - CapacitorCordova
  - CapacitorCordova (8.0.0-beta.0)

DEPENDENCIES:
  - Capacitor (from `../../../capacitor/ios`)
  - CapacitorCordova (from `../../../capacitor/ios`)

EXTERNAL SOURCES:
  Capacitor:
    :path: "../../../capacitor/ios"
  CapacitorCordova:
    :path: "../../../capacitor/ios"

SPEC CHECKSUMS:
  Capacitor: 9bab7c7ce32a7280e4ba741e5c59512a256387a4
  CapacitorCordova: 65a0b71358d76bdeb799f45cd0214d68fbe2fd56

PODFILE CHECKSUM: e26bcb3f0657d320accb18f1f5f76bbee30299de

COCOAPODS: 1.16.2
